
Microsoft Visual Studio Solution File, Format Version 12.00
# Visual Studio Version 16
VisualStudioVersion = 16.0.30204.135
MinimumVisualStudioVersion = 10.0.40219.1
Project("{FAE04EC0-301F-11D3-BF4B-00C04F79EFBC}") = "Cocorec", "Cocorec\Cocorec.csproj", "{65EFC72E-FA62-4ED8-AB31-CA39F48FB885}"
EndProject
Global
	GlobalSection(SolutionConfigurationPlatforms) = preSolution
		Debug|Any CPU = Debug|Any CPU
		Release|Any CPU = Release|Any CPU
	EndGlobalSection
	GlobalSection(ProjectConfigurationPlatforms) = postSolution
		{65EFC72E-FA62-4ED8-AB31-CA39F48FB885}.Debug|Any CPU.ActiveCfg = Debug|Any CPU
		{65EFC72E-FA62-4ED8-AB31-CA39F48FB885}.Debug|Any CPU.Build.0 = Debug|Any CPU
		{65EFC72E-FA62-4ED8-AB31-CA39F48FB885}.Release|Any CPU.ActiveCfg = Release|Any CPU
		{65EFC72E-FA62-4ED8-AB31-CA39F48FB885}.Release|Any CPU.Build.0 = Release|Any CPU
	EndGlobalSection
	GlobalSection(SolutionProperties) = preSolution
		HideSolutionNode = FALSE
	EndGlobalSection
	GlobalSection(ExtensibilityGlobals) = postSolution
		SolutionGuid = {5F4D90C8-D52B-4872-8DAA-3B8537BD5F07}
	EndGlobalSection
EndGlobal
